
Microsoft Visual Studio Solution File, Format Version 12.00
# Visual Studio Version 17
VisualStudioVersion = 17.9.34607.119
MinimumVisualStudioVersion = 10.0.40219.1
Project("{FAE04EC0-301F-11D3-BF4B-00C04F79EFBC}") = "ArchipelagoNotIncluded", "ArchipelagoNotIncluded\ArchipelagoNotIncluded.csproj", "{C7022013-36D9-44A6-B7DB-46E9FBEEEC24}"
EndProject
Global
	GlobalSection(SolutionConfigurationPlatforms) = preSolution
		Debug|Any CPU = Debug|Any CPU
		Release|Any CPU = Release|Any CPU
	EndGlobalSection
	GlobalSection(ProjectConfigurationPlatforms) = postSolution
		{C7022013-36D9-44A6-B7DB-46E9FBEEEC24}.Debug|Any CPU.ActiveCfg = Debug|Any CPU
		{C7022013-36D9-44A6-B7DB-46E9FBEEEC24}.Debug|Any CPU.Build.0 = Debug|Any CPU
		{C7022013-36D9-44A6-B7DB-46E9FBEEEC24}.Release|Any CPU.ActiveCfg = Release|Any CPU
		{C7022013-36D9-44A6-B7DB-46E9FBEEEC24}.Release|Any CPU.Build.0 = Release|Any CPU
	EndGlobalSection
	GlobalSection(SolutionProperties) = preSolution
		HideSolutionNode = FALSE
	EndGlobalSection
	GlobalSection(ExtensibilityGlobals) = postSolution
		SolutionGuid = {7FB4FF47-4151-40E8-9008-ACA3D7A3F96C}
	EndGlobalSection
EndGlobal
